
Microsoft Visual Studio Solution File, Format Version 12.00
# Visual Studio Version 17
VisualStudioVersion = 17.11.35327.3
MinimumVisualStudioVersion = 10.0.40219.1
Project("{FAE04EC0-301F-11D3-BF4B-00C04F79EFBC}") = "SchoolManagementV1", "SchoolManagementV1.csproj", "{71FBEADB-5206-42F5-832C-3F2B28D6FD88}"
EndProject
Global
	GlobalSection(SolutionConfigurationPlatforms) = preSolution
		Debug|Any CPU = Debug|Any CPU
		Release|Any CPU = Release|Any CPU
	EndGlobalSection
	GlobalSection(ProjectConfigurationPlatforms) = postSolution
		{71FBEADB-5206-42F5-832C-3F2B28D6FD88}.Debug|Any CPU.ActiveCfg = Debug|Any CPU
		{71FBEADB-5206-42F5-832C-3F2B28D6FD88}.Debug|Any CPU.Build.0 = Debug|Any CPU
		{71FBEADB-5206-42F5-832C-3F2B28D6FD88}.Release|Any CPU.ActiveCfg = Release|Any CPU
		{71FBEADB-5206-42F5-832C-3F2B28D6FD88}.Release|Any CPU.Build.0 = Release|Any CPU
	EndGlobalSection
	GlobalSection(SolutionProperties) = preSolution
		HideSolutionNode = FALSE
	EndGlobalSection
	GlobalSection(ExtensibilityGlobals) = postSolution
		SolutionGuid = {FE144029-1496-436F-98A0-F9327A570546}
	EndGlobalSection
EndGlobal
